
Microsoft Visual Studio Solution File, Format Version 12.00
# Visual Studio 15
VisualStudioVersion = 15.0.27130.2026
MinimumVisualStudioVersion = 10.0.40219.1
Project("{9A19103F-16F7-4668-BE54-9A1E7A4F7556}") = "SimCivil.Test", "SimCivil.Test\SimCivil.Test.csproj", "{ECF883AB-AF30-485B-BAE8-CF5508616828}"
EndProject
Project("{9A19103F-16F7-4668-BE54-9A1E7A4F7556}") = "SimCivil.Rpc", "SimCivil.Rpc\SimCivil.Rpc.csproj", "{2DFAF40E-E810-4F94-A9C3-63DE31B85B6E}"
EndProject
Project("{9A19103F-16F7-4668-BE54-9A1E7A4F7556}") = "SimCivil.Contract", "SimCivil.Contract\SimCivil.Contract.csproj", "{298AD044-D099-47E3-B4BF-A7ED8B2F022A}"
EndProject
Project("{9A19103F-16F7-4668-BE54-9A1E7A4F7556}") = "SimCivil.SimpleClient", "SimCivil.SimpleClient\SimCivil.SimpleClient.csproj", "{E4693A54-1C42-42A7-9410-C4FC1E599261}"
EndProject
Project("{9A19103F-16F7-4668-BE54-9A1E7A4F7556}") = "SimCivil.Orleans.Interfaces", "SimCivil.Orleans.Interfaces\SimCivil.Orleans.Interfaces.csproj", "{0B2CF7EE-E60D-4E34-8365-E01411DB7E5D}"
EndProject
Project("{9A19103F-16F7-4668-BE54-9A1E7A4F7556}") = "SimCivil.Orleans.Grains", "SimCivil.Orleans.Grains\SimCivil.Orleans.Grains.csproj", "{BDA135D5-455C-410D-94DF-F5CFCFED6339}"
EndProject
Project("{9A19103F-16F7-4668-BE54-9A1E7A4F7556}") = "SimCivil.Orleans.Server", "SimCivil.Orleans.Server\SimCivil.Orleans.Server.csproj", "{05A81D03-3D21-44F9-AEFF-45610789E56A}"
EndProject
Project("{9A19103F-16F7-4668-BE54-9A1E7A4F7556}") = "SimCivil.Gate", "SimCivil.Gate\SimCivil.Gate.csproj", "{BDA0B8D1-8AD6-46F3-AF02-B28452D146EA}"
EndProject
Project("{FAE04EC0-301F-11D3-BF4B-00C04F79EFBC}") = "SimCivil.IntegrationTest", "SimCivil.IntegrationTest\SimCivil.IntegrationTest.csproj", "{337C9797-D3A4-450C-A600-56BAF53CB131}"
EndProject
Project("{2150E333-8FDC-42A3-9474-1A3956D46DE8}") = "Solution Items", "Solution Items", "{F685D71E-2911-4B2A-8F55-FB461F98BBD5}"
	ProjectSection(SolutionItems) = preProject
		.travis.yml = .travis.yml
		appsettings.json = appsettings.json
		docker-compose.yml = docker-compose.yml
		README.md = README.md
		xunit.bash = xunit.bash
	EndProjectSection
EndProject
Global
	GlobalSection(SolutionConfigurationPlatforms) = preSolution
		Debug|Any CPU = Debug|Any CPU
		Release|Any CPU = Release|Any CPU
	EndGlobalSection
	GlobalSection(ProjectConfigurationPlatforms) = postSolution
		{ECF883AB-AF30-485B-BAE8-CF5508616828}.Debug|Any CPU.ActiveCfg = Debug|Any CPU
		{ECF883AB-AF30-485B-BAE8-CF5508616828}.Debug|Any CPU.Build.0 = Debug|Any CPU
		{ECF883AB-AF30-485B-BAE8-CF5508616828}.Release|Any CPU.ActiveCfg = Release|Any CPU
		{ECF883AB-AF30-485B-BAE8-CF5508616828}.Release|Any CPU.Build.0 = Release|Any CPU
		{2DFAF40E-E810-4F94-A9C3-63DE31B85B6E}.Debug|Any CPU.ActiveCfg = Debug|Any CPU
		{2DFAF40E-E810-4F94-A9C3-63DE31B85B6E}.Debug|Any CPU.Build.0 = Debug|Any CPU
		{2DFAF40E-E810-4F94-A9C3-63DE31B85B6E}.Release|Any CPU.ActiveCfg = Release|Any CPU
		{2DFAF40E-E810-4F94-A9C3-63DE31B85B6E}.Release|Any CPU.Build.0 = Release|Any CPU
		{298AD044-D099-47E3-B4BF-A7ED8B2F022A}.Debug|Any CPU.ActiveCfg = Debug|Any CPU
		{298AD044-D099-47E3-B4BF-A7ED8B2F022A}.Debug|Any CPU.Build.0 = Debug|Any CPU
		{298AD044-D099-47E3-B4BF-A7ED8B2F022A}.Release|Any CPU.ActiveCfg = Release|Any CPU
		{298AD044-D099-47E3-B4BF-A7ED8B2F022A}.Release|Any CPU.Build.0 = Release|Any CPU
		{E4693A54-1C42-42A7-9410-C4FC1E599261}.Debug|Any CPU.ActiveCfg = Debug|Any CPU
		{E4693A54-1C42-42A7-9410-C4FC1E599261}.Debug|Any CPU.Build.0 = Debug|Any CPU
		{E4693A54-1C42-42A7-9410-C4FC1E599261}.Release|Any CPU.ActiveCfg = Release|Any CPU
		{E4693A54-1C42-42A7-9410-C4FC1E599261}.Release|Any CPU.Build.0 = Release|Any CPU
		{0B2CF7EE-E60D-4E34-8365-E01411DB7E5D}.Debug|Any CPU.ActiveCfg = Debug|Any CPU
		{0B2CF7EE-E60D-4E34-8365-E01411DB7E5D}.Debug|Any CPU.Build.0 = Debug|Any CPU
		{0B2CF7EE-E60D-4E34-8365-E01411DB7E5D}.Release|Any CPU.ActiveCfg = Release|Any CPU
		{0B2CF7EE-E60D-4E34-8365-E01411DB7E5D}.Release|Any CPU.Build.0 = Release|Any CPU
		{BDA135D5-455C-410D-94DF-F5CFCFED6339}.Debug|Any CPU.ActiveCfg = Debug|Any CPU
		{BDA135D5-455C-410D-94DF-F5CFCFED6339}.Debug|Any CPU.Build.0 = Debug|Any CPU
		{BDA135D5-455C-410D-94DF-F5CFCFED6339}.Release|Any CPU.ActiveCfg = Release|Any CPU
		{BDA135D5-455C-410D-94DF-F5CFCFED6339}.Release|Any CPU.Build.0 = Release|Any CPU
		{05A81D03-3D21-44F9-AEFF-45610789E56A}.Debug|Any CPU.ActiveCfg = Debug|Any CPU
		{05A81D03-3D21-44F9-AEFF-45610789E56A}.Debug|Any CPU.Build.0 = Debug|Any CPU
		{05A81D03-3D21-44F9-AEFF-45610789E56A}.Release|Any CPU.ActiveCfg = Release|Any CPU
		{05A81D03-3D21-44F9-AEFF-45610789E56A}.Release|Any CPU.Build.0 = Release|Any CPU
		{BDA0B8D1-8AD6-46F3-AF02-B28452D146EA}.Debug|Any CPU.ActiveCfg = Debug|Any CPU
		{BDA0B8D1-8AD6-46F3-AF02-B28452D146EA}.Debug|Any CPU.Build.0 = Debug|Any CPU
		{BDA0B8D1-8AD6-46F3-AF02-B28452D146EA}.Release|Any CPU.ActiveCfg = Release|Any CPU
		{BDA0B8D1-8AD6-46F3-AF02-B28452D146EA}.Release|Any CPU.Build.0 = Release|Any CPU
		{337C9797-D3A4-450C-A600-56BAF53CB131}.Debug|Any CPU.ActiveCfg = Debug|Any CPU
		{337C9797-D3A4-450C-A600-56BAF53CB131}.Debug|Any CPU.Build.0 = Debug|Any CPU
		{337C9797-D3A4-450C-A600-56BAF53CB131}.Release|Any CPU.ActiveCfg = Release|Any CPU
		{337C9797-D3A4-450C-A600-56BAF53CB131}.Release|Any CPU.Build.0 = Release|Any CPU
	EndGlobalSection
	GlobalSection(SolutionProperties) = preSolution
		HideSolutionNode = FALSE
	EndGlobalSection
	GlobalSection(ExtensibilityGlobals) = postSolution
		SolutionGuid = {725D3DA8-FB47-4719-9CBF-08408A03B256}
	EndGlobalSection
EndGlobal
